
Microsoft Visual Studio Solution File, Format Version 12.00
# Visual Studio 15
VisualStudioVersion = 15.0.27130.2024
MinimumVisualStudioVersion = 10.0.40219.1
Project("{8BC9CEB8-8B4A-11D0-8D11-00A0C91BC942}") = "DP_RodCutting", "DP_RodCutting\DP_RodCutting.vcxproj", "{D00E6454-5467-498D-B8F7-23A377772357}"
EndProject
Global
	GlobalSection(SolutionConfigurationPlatforms) = preSolution
		Debug|x64 = Debug|x64
		Debug|x86 = Debug|x86
		Release|x64 = Release|x64
		Release|x86 = Release|x86
	EndGlobalSection
	GlobalSection(ProjectConfigurationPlatforms) = postSolution
		{D00E6454-5467-498D-B8F7-23A377772357}.Debug|x64.ActiveCfg = Debug|x64
		{D00E6454-5467-498D-B8F7-23A377772357}.Debug|x64.Build.0 = Debug|x64
		{D00E6454-5467-498D-B8F7-23A377772357}.Debug|x86.ActiveCfg = Debug|Win32
		{D00E6454-5467-498D-B8F7-23A377772357}.Debug|x86.Build.0 = Debug|Win32
		{D00E6454-5467-498D-B8F7-23A377772357}.Release|x64.ActiveCfg = Release|x64
		{D00E6454-5467-498D-B8F7-23A377772357}.Release|x64.Build.0 = Release|x64
		{D00E6454-5467-498D-B8F7-23A377772357}.Release|x86.ActiveCfg = Release|Win32
		{D00E6454-5467-498D-B8F7-23A377772357}.Release|x86.Build.0 = Release|Win32
	EndGlobalSection
	GlobalSection(SolutionProperties) = preSolution
		HideSolutionNode = FALSE
	EndGlobalSection
	GlobalSection(ExtensibilityGlobals) = postSolution
		SolutionGuid = {B92A120E-FB71-4549-89B6-FBD2945D1776}
	EndGlobalSection
EndGlobal
